lockfileVersion: '6.0'

settings:
  autoInstallPeers: true
  excludeLinksFromLockfile: false

devDependencies:
  '@types/hapi__catbox':
    specifier: ^12.1.0
    version: 12.1.0
  '@types/hapi__shot':
    specifier: ^6.0.0
    version: 6.0.0

packages:

  /@hapi/boom@10.0.1:
    resolution: {integrity: sha512-ERcCZaEjdH3OgSJlyjVk8pHIFeus91CjKP3v+MpgBNp5IvGzP2l/bRiD78nqYcKPaZdbKkK5vDBVPd2ohHBlsA==}
    dependencies:
      '@hapi/hoek': 11.0.7
    dev: true

  /@hapi/catbox@12.1.1:
    resolution: {integrity: sha512-hDqYB1J+R0HtZg4iPH3LEnldoaBsar6bYp0EonBmNQ9t5CO+1CqgCul2ZtFveW1ReA5SQuze9GPSU7/aecERhw==}
    dependencies:
      '@hapi/boom': 10.0.1
      '@hapi/hoek': 11.0.7
      '@hapi/podium': 5.0.2
      '@hapi/validate': 2.0.1
    dev: true

  /@hapi/hoek@11.0.7:
    resolution: {integrity: sha512-HV5undWkKzcB4RZUusqOpcgxOaq6VOAH7zhhIr2g3G8NF/MlFO75SjOr2NfuSx0Mh40+1FqCkagKLJRykUWoFQ==}
    dev: true

  /@hapi/podium@5.0.2:
    resolution: {integrity: sha512-T7gf2JYHQQfEfewTQFbsaXoZxSvuXO/QBIGljucUQ/lmPnTTNAepoIKOakWNVWvo2fMEDjycu77r8k6dhreqHA==}
    dependencies:
      '@hapi/hoek': 11.0.7
      '@hapi/teamwork': 6.0.1
      '@hapi/validate': 2.0.1
    dev: true

  /@hapi/shot@6.0.2:
    resolution: {integrity: sha512-WKK1ShfJTrL1oXC0skoIZQYzvLsyMDEF8lfcWuQBjpjCN29qivr9U36ld1z0nt6edvzv28etNMOqUF4klnHryw==}
    dependencies:
      '@hapi/hoek': 11.0.7
      '@hapi/validate': 2.0.1
    dev: true

  /@hapi/teamwork@6.0.1:
    resolution: {integrity: sha512-52OXRslUfYwXAOG8k58f2h2ngXYQGP0x5RPOo+eWA/FtyLgHjGMrE3+e9LSXP/0q2YfHAK5wj9aA9DTy1K+kyQ==}
    engines: {node: '>=14.0.0'}
    dev: true

  /@hapi/topo@6.0.2:
    resolution: {integrity: sha512-KR3rD5inZbGMrHmgPxsJ9dbi6zEK+C3ZwUwTa+eMwWLz7oijWUTWD2pMSNNYJAU6Qq+65NkxXjqHr/7LM2Xkqg==}
    dependencies:
      '@hapi/hoek': 11.0.7
    dev: true

  /@hapi/validate@2.0.1:
    resolution: {integrity: sha512-NZmXRnrSLK8MQ9y/CMqE9WSspgB9xA41/LlYR0k967aSZebWr4yNrpxIbov12ICwKy4APSlWXZga9jN5p6puPA==}
    dependencies:
      '@hapi/hoek': 11.0.7
      '@hapi/topo': 6.0.2
    dev: true

  /@types/hapi__catbox@12.1.0:
    resolution: {integrity: sha512-v4XNUu6w9LmGgDZ4+OT1dSuvme5qNxFFyMVpqYPNugw4zN5xpWsNCsN7/0jG7wCKx39EQctW9iTT1O55UnH6/Q==}
    deprecated: This is a stub types definition. @hapi/catbox provides its own type definitions, so you do not need this installed.
    dependencies:
      '@hapi/catbox': 12.1.1
    dev: true

  /@types/hapi__shot@6.0.0:
    resolution: {integrity: sha512-CUxk0AEQRpIT2cx7EYXkqaXm60LP46ZyEhr/7uov7D/ZLysA5DKkfBtPIYnoWvn8qfcFV/7YHLd3U9gThuhb0A==}
    deprecated: This is a stub types definition. @hapi/shot provides its own type definitions, so you do not need this installed.
    dependencies:
      '@hapi/shot': 6.0.2
    dev: true
